<?xml version="1.0" encoding="utf-8"?>
<Project ToolsVersion="4.0" xmlns="http://schemas.microsoft.com/developer/msbuild/2003">
  <ItemGroup>
    <Filter Include="Header">
      <UniqueIdentifier>{93995380-89BD-4b04-88EB-625FBE52EBFB}</UniqueIdentifier>
      <Extensions>h;hh;hpp;hxx;h++;hm;inl;inc;ipp;xsd</Extensions>
    </Filter>
    <Filter Include="Source">
      <UniqueIdentifier>{4FC737F1-C7A5-4376-A066-2A32D752A2FF}</UniqueIdentifier>
      <Extensions>cpp;c;cc;cxx;c++;cppm;ixx;def;odl;idl;hpj;bat;asm;asmx</Extensions>
    </Filter>
    <Filter Include="Resource">
      <UniqueIdentifier>{67DA6AB6-F800-4c08-8B7A-83BB121AAD01}</UniqueIdentifier>
      <Extensions>rc;ico;cur;bmp;dlg;rc2;rct;bin;rgs;gif;jpg;jpeg;jpe;resx;tiff;tif;png;wav;mfcribbon-ms</Extensions>
    </Filter>
    <Filter Include="Resource\html">
      <UniqueIdentifier>{7397c5d6-344c-4831-9bb6-4b48d25f6688}</UniqueIdentifier>
    </Filter>
    <Filter Include="Header\encrypt">
      <UniqueIdentifier>{a6d13687-4fd8-4bff-bbe4-309bd2965ea0}</UniqueIdentifier>
    </Filter>
    <Filter Include="Header\utils">
      <UniqueIdentifier>{425a282a-52a2-42ad-91f7-bbb3ca4036c4}</UniqueIdentifier>
    </Filter>
    <Filter Include="Header\functions">
      <UniqueIdentifier>{35e2a9b6-8c4d-4ebf-bc30-4d36384dc1f2}</UniqueIdentifier>
    </Filter>
    <Filter Include="Source\encrypt">
      <UniqueIdentifier>{7fbcaae0-180b-4d3d-8d7c-c906fda79449}</UniqueIdentifier>
    </Filter>
    <Filter Include="Source\utils">
      <UniqueIdentifier>{8ed74694-c5a1-4336-ad89-d308e2f42d0b}</UniqueIdentifier>
    </Filter>
    <Filter Include="Source\functions">
      <UniqueIdentifier>{1169feb9-4206-4b29-90b0-1dd4498e7214}</UniqueIdentifier>
    </Filter>
    <Filter Include="Resource\keys">
      <UniqueIdentifier>{2203c8e9-ec9c-4da5-bbb7-3ed24f2b0c71}</UniqueIdentifier>
    </Filter>
  </ItemGroup>
  <ItemGroup>
    <ClCompile Include="Source.cpp">
      <Filter>Source</Filter>
    </ClCompile>
    <ClCompile Include="HTTPBackend.cpp">
      <Filter>Source</Filter>
    </ClCompile>
    <ClCompile Include="base64.h">
      <Filter>Header\encrypt</Filter>
    </ClCompile>
    <ClCompile Include="aes.cpp">
      <Filter>Source\encrypt</Filter>
    </ClCompile>
    <ClCompile Include="sha256.cpp">
      <Filter>Source\encrypt</Filter>
    </ClCompile>
    <ClCompile Include="basic.cpp">
      <Filter>Source\utils</Filter>
    </ClCompile>
    <ClCompile Include="Logger.cpp">
      <Filter>Source\utils</Filter>
    </ClCompile>
    <ClCompile Include="ncmmeta.cpp">
      <Filter>Source\utils</Filter>
    </ClCompile>
  </ItemGroup>
  <ItemGroup>
    <Text Include="server.log">
      <Filter>Resource</Filter>
    </Text>
    <Text Include="CMakeLists.txt" />
    <Text Include="InviteCode.txt" />
  </ItemGroup>
  <ItemGroup>
    <None Include="reservation.html">
      <Filter>Resource</Filter>
    </None>
    <None Include="font-awesome.min.css">
      <Filter>Resource</Filter>
    </None>
    <None Include="tailwindcss.min.js">
      <Filter>Resource</Filter>
    </None>
    <None Include="README-linux.md" />
    <None Include="config.json">
      <Filter>Resource</Filter>
    </None>
    <None Include="convert.html">
      <Filter>Resource</Filter>
    </None>
    <None Include="html\convert.html">
      <Filter>Resource\html</Filter>
    </None>
    <None Include="html\reservation.html">
      <Filter>Resource\html</Filter>
    </None>
    <None Include="keys\private.pem">
      <Filter>Resource\keys</Filter>
    </None>
    <None Include="keys\public.pem">
      <Filter>Resource\keys</Filter>
    </None>
    <None Include="html\login.html">
      <Filter>Resource\html</Filter>
    </None>
    <None Include="html\register.html">
      <Filter>Resource\html</Filter>
    </None>
    <None Include="html\index.html">
      <Filter>Resource\html</Filter>
    </None>
  </ItemGroup>
  <ItemGroup>
    <ClInclude Include="HTTPBackend.h">
      <Filter>Header</Filter>
    </ClInclude>
    <ClInclude Include="aes.h">
      <Filter>Header\encrypt</Filter>
    </ClInclude>
    <ClInclude Include="sha256.h">
      <Filter>Header\encrypt</Filter>
    </ClInclude>
    <ClInclude Include="basic.h">
      <Filter>Header\utils</Filter>
    </ClInclude>
    <ClInclude Include="json.h">
      <Filter>Header\utils</Filter>
    </ClInclude>
    <ClInclude Include="httplib.h">
      <Filter>Header\utils</Filter>
    </ClInclude>
    <ClInclude Include="Logger.h">
      <Filter>Header\utils</Filter>
    </ClInclude>
    <ClInclude Include="NCUReservation.h">
      <Filter>Header\functions</Filter>
    </ClInclude>
    <ClInclude Include="Converter.h">
      <Filter>Header\functions</Filter>
    </ClInclude>
    <ClInclude Include="databaseConnection.h">
      <Filter>Header\utils</Filter>
    </ClInclude>
    <ClInclude Include="ncmmeta.h">
      <Filter>Header\utils</Filter>
    </ClInclude>
    <ClInclude Include="tokenManagement.h">
      <Filter>Header\utils</Filter>
    </ClInclude>
  </ItemGroup>
  <ItemGroup>
    <Image Include="icon.png">
      <Filter>Resource</Filter>
    </Image>
  </ItemGroup>
</Project>